// !$*UTF8*$!
{
	archiveVersion = 1;
	classes = {
	};
	objectVersion = 48;
	objects = {

/* Begin PBXBuildFile section */
		6BFC30F1204BC2BE004A5FA7 /* AppDelegate.swift in Sources */ = {isa = PBXBuildFile; fileRef = 6BFC30F0204BC2BE004A5FA7 /* AppDelegate.swift */; };
		6BFC30F3204BC2BE004A5FA7 /* ViewController.swift in Sources */ = {isa = PBXBuildFile; fileRef = 6BFC30F2204BC2BE004A5FA7 /* ViewController.swift */; };
		6BFC30F6204BC2BE004A5FA7 /* Main.storyboard in Resources */ = {isa = PBXBuildFile; fileRef = 6BFC30F4204BC2BE004A5FA7 /* Main.storyboard */; };
		6BFC30F8204BC2BE004A5FA7 /* Assets.xcassets in Resources */ = {isa = PBXBuildFile; fileRef = 6BFC30F7204BC2BE004A5FA7 /* Assets.xcassets */; };
		6BFC30FB204BC2BE004A5FA7 /* LaunchScreen.storyboard in Resources */ = {isa = PBXBuildFile; fileRef = 6BFC30F9204BC2BE004A5FA7 /* LaunchScreen.storyboard */; };
		6BFC3106204BC607004A5FA7 /* AuthCodeView.swift in Sources */ = {isa = PBXBuildFile; fileRef = 6BFC3105204BC607004A5FA7 /* AuthCodeView.swift */; };
/* End PBXBuildFile section */

/* Begin PBXFileReference section */
		6BFC30ED204BC2BE004A5FA7 /* AuthCodeExample.app */ = {isa = PBXFileReference; explicitFileType = wrapper.application; includeInIndex = 0; path = AuthCodeExample.app; sourceTree = BUILT_PRODUCTS_DIR; };
		6BFC30F0204BC2BE004A5FA7 /* AppDelegate.swift */ = {isa = PBXFileReference; lastKnownFileType = sourcecode.swift; path = AppDelegate.swift; sourceTree = "<group>"; };
		6BFC30F2204BC2BE004A5FA7 /* ViewController.swift */ = {isa = PBXFileReference; lastKnownFileType = sourcecode.swift; path = ViewController.swift; sourceTree = "<group>"; };
		6BFC30F5204BC2BE004A5FA7 /* Base */ = {isa = PBXFileReference; lastKnownFileType = file.storyboard; name = Base; path = Base.lproj/Main.storyboard; sourceTree = "<group>"; };
		6BFC30F7204BC2BE004A5FA7 /* Assets.xcassets */ = {isa = PBXFileReference; lastKnownFileType = folder.assetcatalog; path = Assets.xcassets; sourceTree = "<group>"; };
		6BFC30FA204BC2BE004A5FA7 /* Base */ = {isa = PBXFileReference; lastKnownFileType = file.storyboard; name = Base; path = Base.lproj/LaunchScreen.storyboard; sourceTree = "<group>"; };
		6BFC30FC204BC2BE004A5FA7 /* Info.plist */ = {isa = PBXFileReference; lastKnownFileType = text.plist.xml; path = Info.plist; sourceTree = "<group>"; };
		6BFC3105204BC607004A5FA7 /* AuthCodeView.swift */ = {isa = PBXFileReference; fileEncoding = 4; lastKnownFileType = sourcecode.swift; path = AuthCodeView.swift; sourceTree = "<group>"; };
/* End PBXFileReference section */

/* Begin PBXFrameworksBuildPhase section */
		6BFC30EA204BC2BE004A5FA7 /* Frameworks */ = {
			isa = PBXFrameworksBuildPhase;
			buildActionMask = 2147483647;
			files = (
			);
			runOnlyForDeploymentPostprocessing = 0;
		};
/* End PBXFrameworksBuildPhase section */

/* Begin PBXGroup section */
		6BFC30E4204BC2BE004A5FA7 = {
			isa = PBXGroup;
			children = (
				6BFC30EF204BC2BE004A5FA7 /* AuthCodeExample */,
				6BFC30EE204BC2BE004A5FA7 /* Products */,
			);
			sourceTree = "<group>";
		};
		6BFC30EE204BC2BE004A5FA7 /* Products */ = {
			isa = PBXGroup;
			children = (
				6BFC30ED204BC2BE004A5FA7 /* AuthCodeExample.app */,
			);
			name = Products;
			sourceTree = "<group>";
		};
		6BFC30EF204BC2BE004A5FA7 /* AuthCodeExample */ = {
			isa = PBXGroup;
			children = (
				6BFC3104204BC607004A5FA7 /* AuthCode */,
				6BFC30F0204BC2BE004A5FA7 /* AppDelegate.swift */,
				6BFC30F2204BC2BE004A5FA7 /* ViewController.swift */,
				6BFC30F4204BC2BE004A5FA7 /* Main.storyboard */,
				6BFC30F7204BC2BE004A5FA7 /* Assets.xcassets */,
				6BFC30F9204BC2BE004A5FA7 /* LaunchScreen.storyboard */,
				6BFC30FC204BC2BE004A5FA7 /* Info.plist */,
			);
			path = AuthCodeExample;
			sourceTree = "<group>";
		};
		6BFC3104204BC607004A5FA7 /* AuthCode */ = {
			isa = PBXGroup;
			children = (
				6BFC3105204BC607004A5FA7 /* AuthCodeView.swift */,
			);
			name = AuthCode;
			path = ../../AuthCode;
			sourceTree = "<group>";
		};
/* End PBXGroup section */

/* Begin PBXNativeTarget section */
		6BFC30EC204BC2BE004A5FA7 /* AuthCodeExample */ = {
			isa = PBXNativeTarget;
			buildConfigurationList = 6BFC30FF204BC2BE004A5FA7 /* Build configuration list for PBXNativeTarget "AuthCodeExample" */;
			buildPhases = (
				6BFC30E9204BC2BE004A5FA7 /* Sources */,
				6BFC30EA204BC2BE004A5FA7 /* Frameworks */,
				6BFC30EB204BC2BE004A5FA7 /* Resources */,
			);
			buildRules = (
			);
			dependencies = (
			);
			name = AuthCodeExample;
			productName = AuthCodeExample;
			productReference = 6BFC30ED204BC2BE004A5FA7 /* AuthCodeExample.app */;
			productType = "com.apple.product-type.application";
		};
/* End PBXNativeTarget section */

/* Begin PBXProject section */
		6BFC30E5204BC2BE004A5FA7 /* Project object */ = {
			isa = PBXProject;
			attributes = {
				LastSwiftUpdateCheck = 0920;
				LastUpgradeCheck = 0920;
				ORGANIZATIONNAME = LC;
				TargetAttributes = {
					6BFC30EC204BC2BE004A5FA7 = {
						CreatedOnToolsVersion = 9.2;
						ProvisioningStyle = Automatic;
					};
				};
			};
			buildConfigurationList = 6BFC30E8204BC2BE004A5FA7 /* Build configuration list for PBXProject "AuthCodeExample" */;
			compatibilityVersion = "Xcode 8.0";
			developmentRegion = en;
			hasScannedForEncodings = 0;
			knownRegions = (
				en,
				Base,
			);
			mainGroup = 6BFC30E4204BC2BE004A5FA7;
			productRefGroup = 6BFC30EE204BC2BE004A5FA7 /* Products */;
			projectDirPath = "";
			projectRoot = "";
			targets = (
				6BFC30EC204BC2BE004A5FA7 /* AuthCodeExample */,
			);
		};
/* End PBXProject section */

/* Begin PBXResourcesBuildPhase section */
		6BFC30EB204BC2BE004A5FA7 /* Resources */ = {
			isa = PBXResourcesBuildPhase;
			buildActionMask = 2147483647;
			files = (
				6BFC30FB204BC2BE004A5FA7 /* LaunchScreen.storyboard in Resources */,
				6BFC30F8204BC2BE004A5FA7 /* Assets.xcassets in Resources */,
				6BFC30F6204BC2BE004A5FA7 /* Main.storyboard in Resources */,
			);
			runOnlyForDeploymentPostprocessing = 0;
		};
/* End PBXResourcesBuildPhase section */

/* Begin PBXSourcesBuildPhase section */
		6BFC30E9204BC2BE004A5FA7 /* Sources */ = {
			isa = PBXSourcesBuildPhase;
			buildActionMask = 2147483647;
			files = (
				6BFC30F3204BC2BE004A5FA7 /* ViewController.swift in Sources */,
				6BFC30F1204BC2BE004A5FA7 /* AppDelegate.swift in Sources */,
				6BFC3106204BC607004A5FA7 /* AuthCodeView.swift in Sources */,
			);
			runOnlyForDeploymentPostprocessing = 0;
		};
/* End PBXSourcesBuildPhase section */

/* Begin PBXVariantGroup section */
		6BFC30F4204BC2BE004A5FA7 /* Main.storyboard */ = {
			isa = PBXVariantGroup;
			children = (
				6BFC30F5204BC2BE004A5FA7 /* Base */,
			);
			name = Main.storyboard;
			sourceTree = "<group>";
		};
		6BFC30F9204BC2BE004A5FA7 /* LaunchScreen.storyboard */ = {
			isa = PBXVariantGroup;
			children = (
				6BFC30FA204BC2BE004A5FA7 /* Base */,
			);
			name = LaunchScreen.storyboard;
			sourceTree = "<group>";
		};
/* End PBXVariantGroup section */

/* Begin XCBuildConfiguration section */
		6BFC30FD204BC2BE004A5FA7 /* Debug */ = {
			isa = XCBuildConfiguration;
			buildSettings = {
				ALWAYS_SEARCH_USER_PATHS = NO;
				CLANG_ANALYZER_NONNULL = YES;
				CLANG_ANALYZER_NUMBER_OBJECT_CONVERSION = YES_AGGRESSIVE;
				CLANG_CXX_LANGUAGE_STANDARD = "gnu++14";
				CLANG_CXX_LIBRARY = "libc++";
				CLANG_ENABLE_MODULES = YES;
				CLANG_ENABLE_OBJC_ARC = YES;
				CLANG_WARN_BLOCK_CAPTURE_AUTORELEASING = YES;
				CLANG_WARN_BOOL_CONVERSION = YES;
				CLANG_WARN_COMMA = YES;
				CLANG_WARN_CONSTANT_CONVERSION = YES;
				CLANG_WARN_DIRECT_OBJC_ISA_USAGE = YES_ERROR;
				CLANG_WARN_DOCUMENTATION_COMMENTS = YES;
				CLANG_WARN_EMPTY_BODY = YES;
				CLANG_WARN_ENUM_CONVERSION = YES;
				CLANG_WARN_INFINITE_RECURSION = YES;
				CLANG_WARN_INT_CONVERSION = YES;
				CLANG_WARN_NON_LITERAL_NULL_CONVERSION = YES;
				CLANG_WARN_OBJC_LITERAL_CONVERSION = YES;
				CLANG_WARN_OBJC_ROOT_CLASS = YES_ERROR;
				CLANG_WARN_RANGE_LOOP_ANALYSIS = YES;
				CLANG_WARN_STRICT_PROTOTYPES = YES;
				CLANG_WARN_SUSPICIOUS_MOVE = YES;
				CLANG_WARN_UNGUARDED_AVAILABILITY = YES_AGGRESSIVE;
				CLANG_WARN_UNREACHABLE_CODE = YES;
				CLANG_WARN__DUPLICATE_METHOD_MATCH = YES;
				CODE_SIGN_IDENTITY = "iPhone Developer";
				COPY_PHASE_STRIP = NO;
				DEBUG_INFORMATION_FORMAT = dwarf;
				ENABLE_STRICT_OBJC_MSGSEND = YES;
				ENABLE_TESTABILITY = YES;
				GCC_C_LANGUAGE_STANDARD = gnu11;
				GCC_DYNAMIC_NO_PIC = NO;
				GCC_NO_COMMON_BLOCKS = YES;
				GCC_OPTIMIZATION_LEVEL = 0;
				GCC_PREPROCESSOR_DEFINITIONS = (
					"DEBUG=1",
					"$(inherited)",
				);
				GCC_WARN_64_TO_32_BIT_CONVERSION = YES;
				GCC_WARN_ABOUT_RETURN_TYPE = YES_ERROR;
				GCC_WARN_UNDECLARED_SELECTOR = YES;
				GCC_WARN_UNINITIALIZED_AUTOS = YES_AGGRESSIVE;
				GCC_WARN_UNUSED_FUNCTION = YES;
				GCC_WARN_UNUSED_VARIABLE = YES;
				IPHONEOS_DEPLOYMENT_TARGET = 11.2;
				MTL_ENABLE_DEBUG_INFO = YES;
				ONLY_ACTIVE_ARCH = YES;
				SDKROOT = iphoneos;
				SWIFT_ACTIVE_COMPILATION_CONDITIONS = DEBUG;
				SWIFT_OPTIMIZATION_LEVEL = "-Onone";
			};
			name = Debug;
		};
		6BFC30FE204BC2BE004A5FA7 /* Release */ = {
			isa = XCBuildConfiguration;
			buildSettings = {
				ALWAYS_SEARCH_USER_PATHS = NO;
				CLANG_ANALYZER_NONNULL = YES;
				CLANG_ANALYZER_NUMBER_OBJECT_CONVERSION = YES_AGGRESSIVE;
				CLANG_CXX_LANGUAGE_STANDARD = "gnu++14";
				CLANG_CXX_LIBRARY = "libc++";
				CLANG_ENABLE_MODULES = YES;
				CLANG_ENABLE_OBJC_ARC = YES;
				CLANG_WARN_BLOCK_CAPTURE_AUTORELEASING = YES;
				CLANG_WARN_BOOL_CONVERSION = YES;
				CLANG_WARN_COMMA = YES;
				CLANG_WARN_CONSTANT_CONVERSION = YES;
				CLANG_WARN_DIRECT_OBJC_ISA_USAGE = YES_ERROR;
				CLANG_WARN_DOCUMENTATION_COMMENTS = YES;
				CLANG_WARN_EMPTY_BODY = YES;
				CLANG_WARN_ENUM_CONVERSION = YES;
				CLANG_WARN_INFINITE_RECURSION = YES;
				CLANG_WARN_INT_CONVERSION = YES;
				CLANG_WARN_NON_LITERAL_NULL_CONVERSION = YES;
				CLANG_WARN_OBJC_LITERAL_CONVERSION = YES;
				CLANG_WARN_OBJC_ROOT_CLASS = YES_ERROR;
				CLANG_WARN_RANGE_LOOP_ANALYSIS = YES;
				CLANG_WARN_STRICT_PROTOTYPES = YES;
				CLANG_WARN_SUSPICIOUS_MOVE = YES;
				CLANG_WARN_UNGUARDED_AVAILABILITY = YES_AGGRESSIVE;
				CLANG_WARN_UNREACHABLE_CODE = YES;
				CLANG_WARN__DUPLICATE_METHOD_MATCH = YES;
				CODE_SIGN_IDENTITY = "iPhone Developer";
				COPY_PHASE_STRIP = NO;
				DEBUG_INFORMATION_FORMAT = "dwarf-with-dsym";
				ENABLE_NS_ASSERTIONS = NO;
				ENABLE_STRICT_OBJC_MSGSEND = YES;
				GCC_C_LANGUAGE_STANDARD = gnu11;
				GCC_NO_COMMON_BLOCKS = YES;
				GCC_WARN_64_TO_32_BIT_CONVERSION = YES;
				GCC_WARN_ABOUT_RETURN_TYPE = YES_ERROR;
				GCC_WARN_UNDECLARED_SELECTOR = YES;
				GCC_WARN_UNINITIALIZED_AUTOS = YES_AGGRESSIVE;
				GCC_WARN_UNUSED_FUNCTION = YES;
				GCC_WARN_UNUSED_VARIABLE = YES;
				IPHONEOS_DEPLOYMENT_TARGET = 11.2;
				MTL_ENABLE_DEBUG_INFO = NO;
				SDKROOT = iphoneos;
				SWIFT_OPTIMIZATION_LEVEL = "-Owholemodule";
				VALIDATE_PRODUCT = YES;
			};
			name = Release;
		};
		6BFC3100204BC2BE004A5FA7 /* Debug */ = {
			isa = XCBuildConfiguration;
			buildSettings = {
				ASSETCATALOG_COMPILER_APPICON_NAME = AppIcon;
				CODE_SIGN_STYLE = Automatic;
				INFOPLIST_FILE = AuthCodeExample/Info.plist;
				LD_RUNPATH_SEARCH_PATHS = "$(inherited) @executable_path/Frameworks";
				PRODUCT_BUNDLE_IDENTIFIER = com.LC.AuthCodeExample;
				PRODUCT_NAME = "$(TARGET_NAME)";
				SWIFT_VERSION = 4.0;
				TARGETED_DEVICE_FAMILY = "1,2";
			};
			name = Debug;
		};
		6BFC3101204BC2BE004A5FA7 /* Release */ = {
			isa = XCBuildConfiguration;
			buildSettings = {
				ASSETCATALOG_COMPILER_APPICON_NAME = AppIcon;
				CODE_SIGN_STYLE = Automatic;
				INFOPLIST_FILE = AuthCodeExample/Info.plist;
				LD_RUNPATH_SEARCH_PATHS = "$(inherited) @executable_path/Frameworks";
				PRODUCT_BUNDLE_IDENTIFIER = com.LC.AuthCodeExample;
				PRODUCT_NAME = "$(TARGET_NAME)";
				SWIFT_VERSION = 4.0;
				TARGETED_DEVICE_FAMILY = "1,2";
			};
			name = Release;
		};
/* End XCBuildConfiguration section */

/* Begin XCConfigurationList section */
		6BFC30E8204BC2BE004A5FA7 /* Build configuration list for PBXProject "AuthCodeExample" */ = {
			isa = XCConfigurationList;
			buildConfigurations = (
				6BFC30FD204BC2BE004A5FA7 /* Debug */,
				6BFC30FE204BC2BE004A5FA7 /* Release */,
			);
			defaultConfigurationIsVisible = 0;
			defaultConfigurationName = Release;
		};
		6BFC30FF204BC2BE004A5FA7 /* Build configuration list for PBXNativeTarget "AuthCodeExample" */ = {
			isa = XCConfigurationList;
			buildConfigurations = (
				6BFC3100204BC2BE004A5FA7 /* Debug */,
				6BFC3101204BC2BE004A5FA7 /* Release */,
			);
			defaultConfigurationIsVisible = 0;
			defaultConfigurationName = Release;
		};
/* End XCConfigurationList section */
	};
	rootObject = 6BFC30E5204BC2BE004A5FA7 /* Project object */;
}
